
Microsoft Visual Studio Solution File, Format Version 12.00
# Visual Studio Version 17
VisualStudioVersion = 17.2.32526.322
MinimumVisualStudioVersion = 10.0.40219.1
Project("{9A19103F-16F7-4668-BE54-9A1E7A4F7556}") = "CCT", "CCT.csproj", "{68D926D8-3B20-48E5-B961-F9FD61EE7C5B}"
EndProject
Project("{FAE04EC0-301F-11D3-BF4B-00C04F79EFBC}") = "CCT-Test", "..\test\CCT-Test.csproj", "{27404EC9-A14F-4D1E-BF23-F47164FE189A}"
EndProject
Global
	GlobalSection(SolutionConfigurationPlatforms) = preSolution
		Debug|Any CPU = Debug|Any CPU
		Release|Any CPU = Release|Any CPU
	EndGlobalSection
	GlobalSection(ProjectConfigurationPlatforms) = postSolution
		{68D926D8-3B20-48E5-B961-F9FD61EE7C5B}.Debug|Any CPU.ActiveCfg = Debug|Any CPU
		{68D926D8-3B20-48E5-B961-F9FD61EE7C5B}.Debug|Any CPU.Build.0 = Debug|Any CPU
		{68D926D8-3B20-48E5-B961-F9FD61EE7C5B}.Release|Any CPU.ActiveCfg = Release|Any CPU
		{68D926D8-3B20-48E5-B961-F9FD61EE7C5B}.Release|Any CPU.Build.0 = Release|Any CPU
		{27404EC9-A14F-4D1E-BF23-F47164FE189A}.Debug|Any CPU.ActiveCfg = Debug|Any CPU
		{27404EC9-A14F-4D1E-BF23-F47164FE189A}.Debug|Any CPU.Build.0 = Debug|Any CPU
		{27404EC9-A14F-4D1E-BF23-F47164FE189A}.Release|Any CPU.ActiveCfg = Release|Any CPU
		{27404EC9-A14F-4D1E-BF23-F47164FE189A}.Release|Any CPU.Build.0 = Release|Any CPU
	EndGlobalSection
	GlobalSection(SolutionProperties) = preSolution
		HideSolutionNode = FALSE
	EndGlobalSection
	GlobalSection(ExtensibilityGlobals) = postSolution
		SolutionGuid = {978A28D9-ED72-44F0-955A-0EF1AEC967C4}
	EndGlobalSection
EndGlobal
